# @generated by Move, please check-in and do not edit manually.

[move]
version = 0
manifest_digest = "6C8A75C8A66FE5E9F92C0D9840B94844F8DF622428C6DC7E7DADD47B98C50AEE"
deps_digest = "060AD7E57DFB13104F21BE5F5C3759D03F0553FC3229247D9A7A6B45F50D03A3"

dependencies = [
  { name = "Sui" },
  { name = "typus_dov" },
  { name = "typus_nft" },
]

[[move.package]]
name = "Kiosk"
source = { git = "git@github.com:Typus-Lab/typus-nft.git", rev = "main", subdir = "kiosk_rules" }

dependencies = [
  { name = "Sui" },
]

[[move.package]]
name = "MoveStdlib"
source = { git = "https://github.com/MystenLabs/sui.git", rev = "mainnet", subdir = "crates/sui-framework/packages/move-stdlib" }

[[move.package]]
name = "Sui"
source = { git = "https://github.com/MystenLabs/sui.git", rev = "mainnet", subdir = "crates/sui-framework/packages/sui-framework" }

dependencies = [
  { name = "MoveStdlib" },
]

[[move.package]]
name = "typus_dov"
source = { local = "../typus_dov_single" }

dependencies = [
  { name = "Sui" },
  { name = "typus_framework" },
  { name = "typus_nft" },
]

[[move.package]]
name = "typus_framework"
source = { local = "../typus_framework" }

dependencies = [
  { name = "Sui" },
]

[[move.package]]
name = "typus_nft"
source = { git = "git@github.com:Typus-Lab/typus-nft.git", rev = "main", subdir = "typus_nft" }

dependencies = [
  { name = "Kiosk" },
  { name = "Sui" },
]
