# @generated by Move, please check-in and do not edit manually.

[move]
version = 0
manifest_digest = "EBF1E95B0FF15C94E66C18B368662050D77638E843BE1F3C74B4E2026BC4E069"
deps_digest = "060AD7E57DFB13104F21BE5F5C3759D03F0553FC3229247D9A7A6B45F50D03A3"

dependencies = [
  { name = "Sui" },
  { name = "typus_dov" },
  { name = "typus_nft" },
]

[[move.package]]
name = "Kiosk"
source = { git = "git@github.com:Typus-Lab/typus-nft.git", rev = "testnet", subdir = "kiosk_rules" }

dependencies = [
  { name = "Sui" },
]

[[move.package]]
name = "MoveStdlib"
source = { git = "https://github.com/MystenLabs/sui.git", rev = "mainnet", subdir = "crates/sui-framework/packages/move-stdlib" }

[[move.package]]
name = "Pyth"
source = { git = "https://github.com/WayneAl/pyth-crosschain.git", rev = "368d42b9", subdir = "target_chains/sui/contracts" }

dependencies = [
  { name = "Sui" },
  { name = "Wormhole" },
]

[[move.package]]
name = "Sui"
source = { git = "https://github.com/MystenLabs/sui.git", rev = "mainnet", subdir = "crates/sui-framework/packages/sui-framework" }

dependencies = [
  { name = "MoveStdlib" },
]

[[move.package]]
name = "SwitchboardStdLib"
source = { git = "https://github.com/WayneAl/sui-sdk.git", rev = "main", subdir = "move/testnet/switchboard_std" }

dependencies = [
  { name = "MoveStdlib" },
  { name = "Sui" },
]

[[move.package]]
name = "Wormhole"
source = { git = "https://github.com/wayneAl/wormhole.git", rev = "testnet", subdir = "sui/wormhole" }

dependencies = [
  { name = "Sui" },
]

[[move.package]]
name = "typus_dov"
source = { local = "../typus_dov_single" }

dependencies = [
  { name = "Sui" },
  { name = "typus_framework" },
  { name = "typus_nft" },
  { name = "typus_oracle" },
]

[[move.package]]
name = "typus_framework"
source = { local = "../typus_framework" }

dependencies = [
  { name = "Sui" },
]

[[move.package]]
name = "typus_nft"
source = { git = "git@github.com:Typus-Lab/typus-nft.git", rev = "testnet", subdir = "typus_nft" }

dependencies = [
  { name = "Kiosk" },
  { name = "Sui" },
]

[[move.package]]
name = "typus_oracle"
source = { git = "https://github.com/Typus-Lab/typus-oracle.git", rev = "testnet", subdir = "oracle" }

dependencies = [
  { name = "Pyth" },
  { name = "Sui" },
  { name = "SwitchboardStdLib" },
]
